{
  "name": "can-i-haz-weather",
  "lockfileVersion": 2,
  "requires": true,
  "packages": {
    "": {
      "dependencies": {
        "@hono/zod-openapi": "^0.4.0",
        "@mobily/ts-belt": "^3.13.1",
        "fp-ts": "^2.16.1",
        "hono": "^3.6.0",
        "io-ts": "^2.2.20",
        "io-ts-types": "^0.5.19",
        "monocle-ts": "^2.3.13",
        "rambda": "^8.5.0",
        "zod": "^3.22.2"
      },
      "devDependencies": {
        "bun-types": "^0.6.2"
      }
    },
    "node_modules/@asteasolutions/zod-to-openapi": {
      "version": "5.5.0",
      "resolved": "https://registry.npmjs.org/@asteasolutions/zod-to-openapi/-/zod-to-openapi-5.5.0.tgz",
      "integrity": "sha512-d5HwrvM6dOKr3XdeF+DmashGvfEc+1oiEfbscugsiwSTrFtuMa7ETpW9sTNnVgn+hJaz+PRxPQUYD7q9/5dUig==",
      "dependencies": {
        "openapi3-ts": "^4.1.2"
      },
      "peerDependencies": {
        "zod": "^3.20.2"
      }
    },
    "node_modules/@hono/zod-openapi": {
      "version": "0.4.0",
      "resolved": "https://registry.npmjs.org/@hono/zod-openapi/-/zod-openapi-0.4.0.tgz",
      "integrity": "sha512-tyHXZMnfDAojLYeW+QxTaBGGkc/XaUvvfrJzuSPcCSu8LA+AjneGzzNYUKKB/rrJnrfBb+MkZYXlhb5/lmYxjQ==",
      "dependencies": {
        "@asteasolutions/zod-to-openapi": "^5.5.0",
        "@hono/zod-validator": "^0.1.8"
      },
      "engines": {
        "node": ">=16.0.0"
      },
      "peerDependencies": {
        "hono": "*",
        "zod": "3.*"
      }
    },
    "node_modules/@hono/zod-validator": {
      "version": "0.1.8",
      "resolved": "https://registry.npmjs.org/@hono/zod-validator/-/zod-validator-0.1.8.tgz",
      "integrity": "sha512-/Kd/p/dUVKM7/1TY3jafTV+ngwEh3fOLmXCJQKb9esWsCom5WOJaNmZYv8jeRhyipu1xBvmN5jceRA3Ev3rmQw==",
      "peerDependencies": {
        "hono": "3.*",
        "zod": "^3.19.1"
      }
    },
    "node_modules/@mobily/ts-belt": {
      "version": "3.13.1",
      "resolved": "https://registry.npmjs.org/@mobily/ts-belt/-/ts-belt-3.13.1.tgz",
      "integrity": "sha512-K5KqIhPI/EoCTbA6CGbrenM9s41OouyK8A03fGJJcla/zKucsgLbz8HNbeseoLarRPgyWJsUyCYqFhI7t3Ra9Q==",
      "engines": {
        "node": ">= 10.*"
      }
    },
    "node_modules/bun-types": {
      "version": "0.6.14",
      "resolved": "https://registry.npmjs.org/bun-types/-/bun-types-0.6.14.tgz",
      "integrity": "sha512-sRdvu+t59+H/TVOe7FSGFWYITbqkhiCx9NxVUHt2+JOXM9gUOe5uMPvVvcr/hGngnh+/yb5a7uPE4JaS6uxujg==",
      "dev": true
    },
    "node_modules/fp-ts": {
      "version": "2.16.1",
      "resolved": "https://registry.npmjs.org/fp-ts/-/fp-ts-2.16.1.tgz",
      "integrity": "sha512-by7U5W8dkIzcvDofUcO42yl9JbnHTEDBrzu3pt5fKT+Z4Oy85I21K80EYJYdjQGC2qum4Vo55Ag57iiIK4FYuA=="
    },
    "node_modules/hono": {
      "version": "3.6.1",
      "resolved": "https://registry.npmjs.org/hono/-/hono-3.6.1.tgz",
      "integrity": "sha512-FaWXh0MSc2Hv2IrGI4vFvZEK69NHfggEgHUlNMXp2zrpKh23j7wS0Ku316Do9CFAl07OBNozBelcvruiBT8crQ==",
      "engines": {
        "node": ">=16.0.0"
      }
    },
    "node_modules/io-ts": {
      "version": "2.2.20",
      "resolved": "https://registry.npmjs.org/io-ts/-/io-ts-2.2.20.tgz",
      "integrity": "sha512-Rq2BsYmtwS5vVttie4rqrOCIfHCS9TgpRLFpKQCM1wZBBRY9nWVGmEvm2FnDbSE2un1UE39DvFpTR5UL47YDcA==",
      "peerDependencies": {
        "fp-ts": "^2.5.0"
      }
    },
    "node_modules/io-ts-types": {
      "version": "0.5.19",
      "resolved": "https://registry.npmjs.org/io-ts-types/-/io-ts-types-0.5.19.tgz",
      "integrity": "sha512-kQOYYDZG5vKre+INIDZbLeDJe+oM+4zLpUkjXyTMyUfoCpjJNyi29ZLkuEAwcPufaYo3yu/BsemZtbdD+NtRfQ==",
      "peerDependencies": {
        "fp-ts": "^2.0.0",
        "io-ts": "^2.0.0",
        "monocle-ts": "^2.0.0",
        "newtype-ts": "^0.3.2"
      }
    },
    "node_modules/monocle-ts": {
      "version": "2.3.13",
      "resolved": "https://registry.npmjs.org/monocle-ts/-/monocle-ts-2.3.13.tgz",
      "integrity": "sha512-D5Ygd3oulEoAm3KuGO0eeJIrhFf1jlQIoEVV2DYsZUMz42j4tGxgct97Aq68+F8w4w4geEnwFa8HayTS/7lpKQ==",
      "peerDependencies": {
        "fp-ts": "^2.5.0"
      }
    },
    "node_modules/newtype-ts": {
      "version": "0.3.5",
      "resolved": "https://registry.npmjs.org/newtype-ts/-/newtype-ts-0.3.5.tgz",
      "integrity": "sha512-v83UEQMlVR75yf1OUdoSFssjitxzjZlqBAjiGQ4WJaML8Jdc68LJ+BaSAXUmKY4bNzp7hygkKLYTsDi14PxI2g==",
      "peer": true,
      "peerDependencies": {
        "fp-ts": "^2.0.0",
        "monocle-ts": "^2.0.0"
      }
    },
    "node_modules/openapi3-ts": {
      "version": "4.1.2",
      "resolved": "https://registry.npmjs.org/openapi3-ts/-/openapi3-ts-4.1.2.tgz",
      "integrity": "sha512-B7gOkwsYMZO7BZXwJzXCuVagym2xhqsrilVvV0dnq2Di4+iLUXKVX9gOK23ZqaAHZOwABXN0QTdW8QnkUTX6DA==",
      "dependencies": {
        "yaml": "^2.2.2"
      }
    },
    "node_modules/rambda": {
      "version": "8.5.0",
      "resolved": "https://registry.npmjs.org/rambda/-/rambda-8.5.0.tgz",
      "integrity": "sha512-+bh+mA8Z2iL8fQR8iEvg04bhjlGcFNPaDkI1bDsbp/SQS8Oz29eA5LtdBDdii8tna1SGBMRNkZJ7tNJW/31K4Q=="
    },
    "node_modules/yaml": {
      "version": "2.3.2",
      "resolved": "https://registry.npmjs.org/yaml/-/yaml-2.3.2.tgz",
      "integrity": "sha512-N/lyzTPaJasoDmfV7YTrYCI0G/3ivm/9wdG0aHuheKowWQwGTsK0Eoiw6utmzAnI6pkJa0DUVygvp3spqqEKXg==",
      "engines": {
        "node": ">= 14"
      }
    },
    "node_modules/zod": {
      "version": "3.22.2",
      "resolved": "https://registry.npmjs.org/zod/-/zod-3.22.2.tgz",
      "integrity": "sha512-wvWkphh5WQsJbVk1tbx1l1Ly4yg+XecD+Mq280uBGt9wa5BKSWf4Mhp6GmrkPixhMxmabYY7RbzlwVP32pbGCg==",
      "funding": {
        "url": "https://github.com/sponsors/colinhacks"
      }
    }
  },
  "dependencies": {
    "@asteasolutions/zod-to-openapi": {
      "version": "5.5.0",
      "resolved": "https://registry.npmjs.org/@asteasolutions/zod-to-openapi/-/zod-to-openapi-5.5.0.tgz",
      "integrity": "sha512-d5HwrvM6dOKr3XdeF+DmashGvfEc+1oiEfbscugsiwSTrFtuMa7ETpW9sTNnVgn+hJaz+PRxPQUYD7q9/5dUig==",
      "requires": {
        "openapi3-ts": "^4.1.2"
      }
    },
    "@hono/zod-openapi": {
      "version": "0.4.0",
      "resolved": "https://registry.npmjs.org/@hono/zod-openapi/-/zod-openapi-0.4.0.tgz",
      "integrity": "sha512-tyHXZMnfDAojLYeW+QxTaBGGkc/XaUvvfrJzuSPcCSu8LA+AjneGzzNYUKKB/rrJnrfBb+MkZYXlhb5/lmYxjQ==",
      "requires": {
        "@asteasolutions/zod-to-openapi": "^5.5.0",
        "@hono/zod-validator": "^0.1.8"
      }
    },
    "@hono/zod-validator": {
      "version": "0.1.8",
      "resolved": "https://registry.npmjs.org/@hono/zod-validator/-/zod-validator-0.1.8.tgz",
      "integrity": "sha512-/Kd/p/dUVKM7/1TY3jafTV+ngwEh3fOLmXCJQKb9esWsCom5WOJaNmZYv8jeRhyipu1xBvmN5jceRA3Ev3rmQw==",
      "requires": {}
    },
    "@mobily/ts-belt": {
      "version": "3.13.1",
      "resolved": "https://registry.npmjs.org/@mobily/ts-belt/-/ts-belt-3.13.1.tgz",
      "integrity": "sha512-K5KqIhPI/EoCTbA6CGbrenM9s41OouyK8A03fGJJcla/zKucsgLbz8HNbeseoLarRPgyWJsUyCYqFhI7t3Ra9Q=="
    },
    "bun-types": {
      "version": "0.6.14",
      "resolved": "https://registry.npmjs.org/bun-types/-/bun-types-0.6.14.tgz",
      "integrity": "sha512-sRdvu+t59+H/TVOe7FSGFWYITbqkhiCx9NxVUHt2+JOXM9gUOe5uMPvVvcr/hGngnh+/yb5a7uPE4JaS6uxujg==",
      "dev": true
    },
    "fp-ts": {
      "version": "2.16.1",
      "resolved": "https://registry.npmjs.org/fp-ts/-/fp-ts-2.16.1.tgz",
      "integrity": "sha512-by7U5W8dkIzcvDofUcO42yl9JbnHTEDBrzu3pt5fKT+Z4Oy85I21K80EYJYdjQGC2qum4Vo55Ag57iiIK4FYuA=="
    },
    "hono": {
      "version": "3.6.1",
      "resolved": "https://registry.npmjs.org/hono/-/hono-3.6.1.tgz",
      "integrity": "sha512-FaWXh0MSc2Hv2IrGI4vFvZEK69NHfggEgHUlNMXp2zrpKh23j7wS0Ku316Do9CFAl07OBNozBelcvruiBT8crQ=="
    },
    "io-ts": {
      "version": "2.2.20",
      "resolved": "https://registry.npmjs.org/io-ts/-/io-ts-2.2.20.tgz",
      "integrity": "sha512-Rq2BsYmtwS5vVttie4rqrOCIfHCS9TgpRLFpKQCM1wZBBRY9nWVGmEvm2FnDbSE2un1UE39DvFpTR5UL47YDcA==",
      "requires": {}
    },
    "io-ts-types": {
      "version": "0.5.19",
      "resolved": "https://registry.npmjs.org/io-ts-types/-/io-ts-types-0.5.19.tgz",
      "integrity": "sha512-kQOYYDZG5vKre+INIDZbLeDJe+oM+4zLpUkjXyTMyUfoCpjJNyi29ZLkuEAwcPufaYo3yu/BsemZtbdD+NtRfQ==",
      "requires": {}
    },
    "monocle-ts": {
      "version": "2.3.13",
      "resolved": "https://registry.npmjs.org/monocle-ts/-/monocle-ts-2.3.13.tgz",
      "integrity": "sha512-D5Ygd3oulEoAm3KuGO0eeJIrhFf1jlQIoEVV2DYsZUMz42j4tGxgct97Aq68+F8w4w4geEnwFa8HayTS/7lpKQ==",
      "requires": {}
    },
    "newtype-ts": {
      "version": "0.3.5",
      "resolved": "https://registry.npmjs.org/newtype-ts/-/newtype-ts-0.3.5.tgz",
      "integrity": "sha512-v83UEQMlVR75yf1OUdoSFssjitxzjZlqBAjiGQ4WJaML8Jdc68LJ+BaSAXUmKY4bNzp7hygkKLYTsDi14PxI2g==",
      "peer": true,
      "requires": {}
    },
    "openapi3-ts": {
      "version": "4.1.2",
      "resolved": "https://registry.npmjs.org/openapi3-ts/-/openapi3-ts-4.1.2.tgz",
      "integrity": "sha512-B7gOkwsYMZO7BZXwJzXCuVagym2xhqsrilVvV0dnq2Di4+iLUXKVX9gOK23ZqaAHZOwABXN0QTdW8QnkUTX6DA==",
      "requires": {
        "yaml": "^2.2.2"
      }
    },
    "rambda": {
      "version": "8.5.0",
      "resolved": "https://registry.npmjs.org/rambda/-/rambda-8.5.0.tgz",
      "integrity": "sha512-+bh+mA8Z2iL8fQR8iEvg04bhjlGcFNPaDkI1bDsbp/SQS8Oz29eA5LtdBDdii8tna1SGBMRNkZJ7tNJW/31K4Q=="
    },
    "yaml": {
      "version": "2.3.2",
      "resolved": "https://registry.npmjs.org/yaml/-/yaml-2.3.2.tgz",
      "integrity": "sha512-N/lyzTPaJasoDmfV7YTrYCI0G/3ivm/9wdG0aHuheKowWQwGTsK0Eoiw6utmzAnI6pkJa0DUVygvp3spqqEKXg=="
    },
    "zod": {
      "version": "3.22.2",
      "resolved": "https://registry.npmjs.org/zod/-/zod-3.22.2.tgz",
      "integrity": "sha512-wvWkphh5WQsJbVk1tbx1l1Ly4yg+XecD+Mq280uBGt9wa5BKSWf4Mhp6GmrkPixhMxmabYY7RbzlwVP32pbGCg=="
    }
  }
}
